
Microsoft Visual Studio Solution File, Format Version 12.00
# Visual Studio 15
VisualStudioVersion = 15.0.28307.106
MinimumVisualStudioVersion = 10.0.40219.1
Project("{8BC9CEB8-8B4A-11D0-8D11-00A0C91BC942}") = "Carmichael function", "Carmichael function\Carmichael function.vcxproj", "{72F719E6-E2A1-42F3-94A3-8FA3A3070115}"
EndProject
Global
	GlobalSection(SolutionConfigurationPlatforms) = preSolution
		Debug|x64 = Debug|x64
		Debug|x86 = Debug|x86
		Release|x64 = Release|x64
		Release|x86 = Release|x86
	EndGlobalSection
	GlobalSection(ProjectConfigurationPlatforms) = postSolution
		{72F719E6-E2A1-42F3-94A3-8FA3A3070115}.Debug|x64.ActiveCfg = Debug|x64
		{72F719E6-E2A1-42F3-94A3-8FA3A3070115}.Debug|x64.Build.0 = Debug|x64
		{72F719E6-E2A1-42F3-94A3-8FA3A3070115}.Debug|x86.ActiveCfg = Debug|Win32
		{72F719E6-E2A1-42F3-94A3-8FA3A3070115}.Debug|x86.Build.0 = Debug|Win32
		{72F719E6-E2A1-42F3-94A3-8FA3A3070115}.Release|x64.ActiveCfg = Release|x64
		{72F719E6-E2A1-42F3-94A3-8FA3A3070115}.Release|x64.Build.0 = Release|x64
		{72F719E6-E2A1-42F3-94A3-8FA3A3070115}.Release|x86.ActiveCfg = Release|Win32
		{72F719E6-E2A1-42F3-94A3-8FA3A3070115}.Release|x86.Build.0 = Release|Win32
	EndGlobalSection
	GlobalSection(SolutionProperties) = preSolution
		HideSolutionNode = FALSE
	EndGlobalSection
	GlobalSection(ExtensibilityGlobals) = postSolution
		SolutionGuid = {254E7159-332A-41C4-8B4D-76D6D999E3BD}
	EndGlobalSection
EndGlobal
